
Microsoft Visual Studio Solution File, Format Version 12.00
# Visual Studio 15
VisualStudioVersion = 15.0.28010.2036
MinimumVisualStudioVersion = 10.0.40219.1
Project("{9A19103F-16F7-4668-BE54-9A1E7A4F7556}") = "Upstox_Test", "Upstox_Test\Upstox_Test.csproj", "{43183194-B6C4-47FF-BD94-2A76C9AE7E6E}"
EndProject
Project("{9A19103F-16F7-4668-BE54-9A1E7A4F7556}") = "Upstox_Service", "Upstox_Service\Upstox_Service.csproj", "{1C276A14-696A-47B6-B012-B639A2792D4A}"
EndProject
Project("{FAE04EC0-301F-11D3-BF4B-00C04F79EFBC}") = "Upstox_Test_Cases", "Upstox_Test_Cases\Upstox_Test_Cases\Upstox_Test_Cases.csproj", "{4F4E2585-4339-4E98-8A32-F95BEC65E91F}"
EndProject
Global
	GlobalSection(SolutionConfigurationPlatforms) = preSolution
		Debug|Any CPU = Debug|Any CPU
		Release|Any CPU = Release|Any CPU
	EndGlobalSection
	GlobalSection(ProjectConfigurationPlatforms) = postSolution
		{43183194-B6C4-47FF-BD94-2A76C9AE7E6E}.Debug|Any CPU.ActiveCfg = Debug|Any CPU
		{43183194-B6C4-47FF-BD94-2A76C9AE7E6E}.Debug|Any CPU.Build.0 = Debug|Any CPU
		{43183194-B6C4-47FF-BD94-2A76C9AE7E6E}.Release|Any CPU.ActiveCfg = Release|Any CPU
		{43183194-B6C4-47FF-BD94-2A76C9AE7E6E}.Release|Any CPU.Build.0 = Release|Any CPU
		{1C276A14-696A-47B6-B012-B639A2792D4A}.Debug|Any CPU.ActiveCfg = Debug|Any CPU
		{1C276A14-696A-47B6-B012-B639A2792D4A}.Debug|Any CPU.Build.0 = Debug|Any CPU
		{1C276A14-696A-47B6-B012-B639A2792D4A}.Release|Any CPU.ActiveCfg = Release|Any CPU
		{1C276A14-696A-47B6-B012-B639A2792D4A}.Release|Any CPU.Build.0 = Release|Any CPU
		{4F4E2585-4339-4E98-8A32-F95BEC65E91F}.Debug|Any CPU.ActiveCfg = Debug|Any CPU
		{4F4E2585-4339-4E98-8A32-F95BEC65E91F}.Debug|Any CPU.Build.0 = Debug|Any CPU
		{4F4E2585-4339-4E98-8A32-F95BEC65E91F}.Release|Any CPU.ActiveCfg = Release|Any CPU
		{4F4E2585-4339-4E98-8A32-F95BEC65E91F}.Release|Any CPU.Build.0 = Release|Any CPU
	EndGlobalSection
	GlobalSection(SolutionProperties) = preSolution
		HideSolutionNode = FALSE
	EndGlobalSection
	GlobalSection(ExtensibilityGlobals) = postSolution
		SolutionGuid = {041EEB50-ED82-4354-A473-D2110FC587D1}
	EndGlobalSection
EndGlobal
